
Microsoft Visual Studio Solution File, Format Version 12.00
# Visual Studio Version 17
VisualStudioVersion = 17.0.31903.59
MinimumVisualStudioVersion = 10.0.40219.1
Project("{FAE04EC0-301F-11D3-BF4B-00C04F79EFBC}") = "Bankomatas", "Bankomatas\Bankomatas.csproj", "{7177A528-2ED9-4CCC-BC14-3FC87A86BF8E}"
EndProject
Global
	GlobalSection(SolutionConfigurationPlatforms) = preSolution
		Debug|Any CPU = Debug|Any CPU
		Release|Any CPU = Release|Any CPU
	EndGlobalSection
	GlobalSection(ProjectConfigurationPlatforms) = postSolution
		{7177A528-2ED9-4CCC-BC14-3FC87A86BF8E}.Debug|Any CPU.ActiveCfg = Debug|Any CPU
		{7177A528-2ED9-4CCC-BC14-3FC87A86BF8E}.Debug|Any CPU.Build.0 = Debug|Any CPU
		{7177A528-2ED9-4CCC-BC14-3FC87A86BF8E}.Release|Any CPU.ActiveCfg = Release|Any CPU
		{7177A528-2ED9-4CCC-BC14-3FC87A86BF8E}.Release|Any CPU.Build.0 = Release|Any CPU
	EndGlobalSection
	GlobalSection(SolutionProperties) = preSolution
		HideSolutionNode = FALSE
	EndGlobalSection
	GlobalSection(ExtensibilityGlobals) = postSolution
		SolutionGuid = {7F951A23-9C8A-420C-9897-70D32BFEC407}
	EndGlobalSection
EndGlobal
